
Microsoft Visual Studio Solution File, Format Version 12.00
# Visual Studio 2013
VisualStudioVersion = 12.0.31101.0
MinimumVisualStudioVersion = 10.0.40219.1
Project("{FAE04EC0-301F-11D3-BF4B-00C04F79EFBC}") = "RailDataEngine.Domain", "RailDataEngine.Domain\RailDataEngine.Domain.csproj", "{2ABE2E53-FB17-4B5B-9C09-D3BF1B038A4B}"
EndProject
Project("{FAE04EC0-301F-11D3-BF4B-00C04F79EFBC}") = "RailDataEngine.Gateway", "RailDataEngine.Gateway\RailDataEngine.Gateway.csproj", "{A7B98994-1F1E-4B27-BE4C-93102E4460C9}"
EndProject
Project("{FAE04EC0-301F-11D3-BF4B-00C04F79EFBC}") = "RailDataEngine.Gateway.EF", "RailDataEngine.Gateway.EF\RailDataEngine.Gateway.EF.csproj", "{C500900E-6B18-4E27-8684-949F72A98656}"
EndProject
Project("{FAE04EC0-301F-11D3-BF4B-00C04F79EFBC}") = "RailDataEngine.Data.Common", "RailDataEngine.Data.Common\RailDataEngine.Data.Common.csproj", "{C99687BD-0029-44FE-A008-CDBD1E2DCAF9}"
EndProject
Project("{2150E333-8FDC-42A3-9474-1A3956D46DE8}") = "Gateway", "Gateway", "{E5CEAB73-1F7A-4F17-89FC-550A3DB5CCD5}"
EndProject
Project("{2150E333-8FDC-42A3-9474-1A3956D46DE8}") = "Domain", "Domain", "{D896FABF-0895-488F-95BB-9D19C3839F30}"
EndProject
Project("{2150E333-8FDC-42A3-9474-1A3956D46DE8}") = "Data", "Data", "{464489C1-4898-4069-A782-AB8A9ABB6F3E}"
EndProject
Project("{FAE04EC0-301F-11D3-BF4B-00C04F79EFBC}") = "RailDataEngine.Data.TrainMovements", "RailDataEngine.Data.TrainMovements\RailDataEngine.Data.TrainMovements.csproj", "{8DE5FCE4-47B2-4740-BADF-C89DBC64E2BE}"
EndProject
Project("{FAE04EC0-301F-11D3-BF4B-00C04F79EFBC}") = "RailDataEngine.Data.Schedule", "RailDataEngine.Data.Schedule\RailDataEngine.Data.Schedule.csproj", "{B5120532-0E7A-4DC8-BFDD-11703D161546}"
EndProject
Project("{2150E333-8FDC-42A3-9474-1A3956D46DE8}") = "Tests", "Tests", "{7E48C769-EB88-4BDD-A76E-5F2D7061F3A4}"
EndProject
Project("{FAE04EC0-301F-11D3-BF4B-00C04F79EFBC}") = "RailDataEngine.Gateway.EF.Tests", "RailDataEngine.Gateway.EF.Tests\RailDataEngine.Gateway.EF.Tests.csproj", "{B87C419B-860A-4FEC-8BA9-FF2EDC41FFED}"
EndProject
Project("{FAE04EC0-301F-11D3-BF4B-00C04F79EFBC}") = "RailDataEngine.Root", "RailDataEngine.Root\RailDataEngine.Root.csproj", "{008CD982-FFDF-47D1-A41E-CFED3EA917E6}"
EndProject
Project("{FAE04EC0-301F-11D3-BF4B-00C04F79EFBC}") = "RailDataEngine.Tests.Common", "RailDataEngine.Tests.Common\RailDataEngine.Tests.Common.csproj", "{A2D00D35-7C24-4077-BEB9-47B3C4410DC8}"
EndProject
Global
	GlobalSection(SolutionConfigurationPlatforms) = preSolution
		Debug|Any CPU = Debug|Any CPU
		Release|Any CPU = Release|Any CPU
	EndGlobalSection
	GlobalSection(ProjectConfigurationPlatforms) = postSolution
		{2ABE2E53-FB17-4B5B-9C09-D3BF1B038A4B}.Debug|Any CPU.ActiveCfg = Debug|Any CPU
		{2ABE2E53-FB17-4B5B-9C09-D3BF1B038A4B}.Debug|Any CPU.Build.0 = Debug|Any CPU
		{2ABE2E53-FB17-4B5B-9C09-D3BF1B038A4B}.Release|Any CPU.ActiveCfg = Release|Any CPU
		{2ABE2E53-FB17-4B5B-9C09-D3BF1B038A4B}.Release|Any CPU.Build.0 = Release|Any CPU
		{A7B98994-1F1E-4B27-BE4C-93102E4460C9}.Debug|Any CPU.ActiveCfg = Debug|Any CPU
		{A7B98994-1F1E-4B27-BE4C-93102E4460C9}.Debug|Any CPU.Build.0 = Debug|Any CPU
		{A7B98994-1F1E-4B27-BE4C-93102E4460C9}.Release|Any CPU.ActiveCfg = Release|Any CPU
		{A7B98994-1F1E-4B27-BE4C-93102E4460C9}.Release|Any CPU.Build.0 = Release|Any CPU
		{C500900E-6B18-4E27-8684-949F72A98656}.Debug|Any CPU.ActiveCfg = Debug|Any CPU
		{C500900E-6B18-4E27-8684-949F72A98656}.Debug|Any CPU.Build.0 = Debug|Any CPU
		{C500900E-6B18-4E27-8684-949F72A98656}.Release|Any CPU.ActiveCfg = Release|Any CPU
		{C500900E-6B18-4E27-8684-949F72A98656}.Release|Any CPU.Build.0 = Release|Any CPU
		{C99687BD-0029-44FE-A008-CDBD1E2DCAF9}.Debug|Any CPU.ActiveCfg = Debug|Any CPU
		{C99687BD-0029-44FE-A008-CDBD1E2DCAF9}.Debug|Any CPU.Build.0 = Debug|Any CPU
		{C99687BD-0029-44FE-A008-CDBD1E2DCAF9}.Release|Any CPU.ActiveCfg = Release|Any CPU
		{C99687BD-0029-44FE-A008-CDBD1E2DCAF9}.Release|Any CPU.Build.0 = Release|Any CPU
		{8DE5FCE4-47B2-4740-BADF-C89DBC64E2BE}.Debug|Any CPU.ActiveCfg = Debug|Any CPU
		{8DE5FCE4-47B2-4740-BADF-C89DBC64E2BE}.Debug|Any CPU.Build.0 = Debug|Any CPU
		{8DE5FCE4-47B2-4740-BADF-C89DBC64E2BE}.Release|Any CPU.ActiveCfg = Release|Any CPU
		{8DE5FCE4-47B2-4740-BADF-C89DBC64E2BE}.Release|Any CPU.Build.0 = Release|Any CPU
		{B5120532-0E7A-4DC8-BFDD-11703D161546}.Debug|Any CPU.ActiveCfg = Debug|Any CPU
		{B5120532-0E7A-4DC8-BFDD-11703D161546}.Debug|Any CPU.Build.0 = Debug|Any CPU
		{B5120532-0E7A-4DC8-BFDD-11703D161546}.Release|Any CPU.ActiveCfg = Release|Any CPU
		{B5120532-0E7A-4DC8-BFDD-11703D161546}.Release|Any CPU.Build.0 = Release|Any CPU
		{B87C419B-860A-4FEC-8BA9-FF2EDC41FFED}.Debug|Any CPU.ActiveCfg = Debug|Any CPU
		{B87C419B-860A-4FEC-8BA9-FF2EDC41FFED}.Debug|Any CPU.Build.0 = Debug|Any CPU
		{B87C419B-860A-4FEC-8BA9-FF2EDC41FFED}.Release|Any CPU.ActiveCfg = Release|Any CPU
		{B87C419B-860A-4FEC-8BA9-FF2EDC41FFED}.Release|Any CPU.Build.0 = Release|Any CPU
		{008CD982-FFDF-47D1-A41E-CFED3EA917E6}.Debug|Any CPU.ActiveCfg = Debug|Any CPU
		{008CD982-FFDF-47D1-A41E-CFED3EA917E6}.Debug|Any CPU.Build.0 = Debug|Any CPU
		{008CD982-FFDF-47D1-A41E-CFED3EA917E6}.Release|Any CPU.ActiveCfg = Release|Any CPU
		{008CD982-FFDF-47D1-A41E-CFED3EA917E6}.Release|Any CPU.Build.0 = Release|Any CPU
		{A2D00D35-7C24-4077-BEB9-47B3C4410DC8}.Debug|Any CPU.ActiveCfg = Debug|Any CPU
		{A2D00D35-7C24-4077-BEB9-47B3C4410DC8}.Debug|Any CPU.Build.0 = Debug|Any CPU
		{A2D00D35-7C24-4077-BEB9-47B3C4410DC8}.Release|Any CPU.ActiveCfg = Release|Any CPU
		{A2D00D35-7C24-4077-BEB9-47B3C4410DC8}.Release|Any CPU.Build.0 = Release|Any CPU
	EndGlobalSection
	GlobalSection(SolutionProperties) = preSolution
		HideSolutionNode = FALSE
	EndGlobalSection
	GlobalSection(NestedProjects) = preSolution
		{2ABE2E53-FB17-4B5B-9C09-D3BF1B038A4B} = {D896FABF-0895-488F-95BB-9D19C3839F30}
		{A7B98994-1F1E-4B27-BE4C-93102E4460C9} = {E5CEAB73-1F7A-4F17-89FC-550A3DB5CCD5}
		{C500900E-6B18-4E27-8684-949F72A98656} = {E5CEAB73-1F7A-4F17-89FC-550A3DB5CCD5}
		{C99687BD-0029-44FE-A008-CDBD1E2DCAF9} = {464489C1-4898-4069-A782-AB8A9ABB6F3E}
		{8DE5FCE4-47B2-4740-BADF-C89DBC64E2BE} = {464489C1-4898-4069-A782-AB8A9ABB6F3E}
		{B5120532-0E7A-4DC8-BFDD-11703D161546} = {464489C1-4898-4069-A782-AB8A9ABB6F3E}
		{B87C419B-860A-4FEC-8BA9-FF2EDC41FFED} = {7E48C769-EB88-4BDD-A76E-5F2D7061F3A4}
		{A2D00D35-7C24-4077-BEB9-47B3C4410DC8} = {7E48C769-EB88-4BDD-A76E-5F2D7061F3A4}
	EndGlobalSection
EndGlobal
