
Microsoft Visual Studio Solution File, Format Version 12.00
# Visual Studio 2013
VisualStudioVersion = 12.0.31101.0
MinimumVisualStudioVersion = 10.0.40219.1
Project("{FAE04EC0-301F-11D3-BF4B-00C04F79EFBC}") = "RailDataEngine.Domain", "RailDataEngine.Domain\RailDataEngine.Domain.csproj", "{2ABE2E53-FB17-4B5B-9C09-D3BF1B038A4B}"
EndProject
Project("{FAE04EC0-301F-11D3-BF4B-00C04F79EFBC}") = "RailDataEngine.Gateway", "RailDataEngine.Gateway\RailDataEngine.Gateway.csproj", "{A7B98994-1F1E-4B27-BE4C-93102E4460C9}"
EndProject
Project("{FAE04EC0-301F-11D3-BF4B-00C04F79EFBC}") = "RailDataEngine.Gateway.EF", "RailDataEngine.Gateway.EF\RailDataEngine.Gateway.EF.csproj", "{C500900E-6B18-4E27-8684-949F72A98656}"
EndProject
Project("{FAE04EC0-301F-11D3-BF4B-00C04F79EFBC}") = "RailDataEngine.Data.Common", "RailDataEngine.Data.Common\RailDataEngine.Data.Common.csproj", "{C99687BD-0029-44FE-A008-CDBD1E2DCAF9}"
EndProject
Project("{2150E333-8FDC-42A3-9474-1A3956D46DE8}") = "Gateway", "Gateway", "{E5CEAB73-1F7A-4F17-89FC-550A3DB5CCD5}"
EndProject
Project("{2150E333-8FDC-42A3-9474-1A3956D46DE8}") = "Data", "Data", "{464489C1-4898-4069-A782-AB8A9ABB6F3E}"
EndProject
Project("{FAE04EC0-301F-11D3-BF4B-00C04F79EFBC}") = "RailDataEngine.Data.TrainMovements", "RailDataEngine.Data.TrainMovements\RailDataEngine.Data.TrainMovements.csproj", "{8DE5FCE4-47B2-4740-BADF-C89DBC64E2BE}"
EndProject
Project("{FAE04EC0-301F-11D3-BF4B-00C04F79EFBC}") = "RailDataEngine.Data.Schedule", "RailDataEngine.Data.Schedule\RailDataEngine.Data.Schedule.csproj", "{B5120532-0E7A-4DC8-BFDD-11703D161546}"
EndProject
Project("{2150E333-8FDC-42A3-9474-1A3956D46DE8}") = "Tests", "Tests", "{7E48C769-EB88-4BDD-A76E-5F2D7061F3A4}"
EndProject
Project("{FAE04EC0-301F-11D3-BF4B-00C04F79EFBC}") = "RailDataEngine.Gateway.EF.Tests", "RailDataEngine.Gateway.EF.Tests\RailDataEngine.Gateway.EF.Tests.csproj", "{B87C419B-860A-4FEC-8BA9-FF2EDC41FFED}"
EndProject
Project("{FAE04EC0-301F-11D3-BF4B-00C04F79EFBC}") = "RailDataEngine.Tests.Common", "RailDataEngine.Tests.Common\RailDataEngine.Tests.Common.csproj", "{A2D00D35-7C24-4077-BEB9-47B3C4410DC8}"
EndProject
Project("{FAE04EC0-301F-11D3-BF4B-00C04F79EFBC}") = "RailDataEngine.DI", "RailDataEngine.DI\RailDataEngine.DI.csproj", "{3ADC542E-2F12-4F63-AB9B-8F3BBA11CE86}"
EndProject
Project("{2150E333-8FDC-42A3-9474-1A3956D46DE8}") = "DI", "DI", "{8C7F2E91-0C9B-4D55-901B-61B87DFF3C85}"
EndProject
Project("{2150E333-8FDC-42A3-9474-1A3956D46DE8}") = "Domain", "Domain", "{F3A6A910-A304-433C-83B6-CD6F794ED522}"
EndProject
Project("{FAE04EC0-301F-11D3-BF4B-00C04F79EFBC}") = "RailDataEngine.Service", "RailDataEngine.Service\RailDataEngine.Service.csproj", "{1D2344D2-75BE-4B93-9F52-DF7873C7DB7D}"
EndProject
Project("{FAE04EC0-301F-11D3-BF4B-00C04F79EFBC}") = "RailDataEngine.Data.TrainDescriber", "RailDataEngine.Data.TrainDescriber\RailDataEngine.Data.TrainDescriber.csproj", "{6D873303-E01A-4ECA-936E-5B597EE0B2DE}"
EndProject
Project("{2150E333-8FDC-42A3-9474-1A3956D46DE8}") = "Boundary", "Boundary", "{8BA20080-CD84-4AED-A445-C1F83429DF61}"
EndProject
Project("{FAE04EC0-301F-11D3-BF4B-00C04F79EFBC}") = "RailDataEngine.Boundary", "RailDataEngine.Boundary\RailDataEngine.Boundary.csproj", "{060C0FEA-AA8F-4EF4-8C8A-921BE2A065A3}"
EndProject
Global
	GlobalSection(SolutionConfigurationPlatforms) = preSolution
		Debug|Any CPU = Debug|Any CPU
		Release|Any CPU = Release|Any CPU
	EndGlobalSection
	GlobalSection(ProjectConfigurationPlatforms) = postSolution
		{2ABE2E53-FB17-4B5B-9C09-D3BF1B038A4B}.Debug|Any CPU.ActiveCfg = Debug|Any CPU
		{2ABE2E53-FB17-4B5B-9C09-D3BF1B038A4B}.Debug|Any CPU.Build.0 = Debug|Any CPU
		{2ABE2E53-FB17-4B5B-9C09-D3BF1B038A4B}.Release|Any CPU.ActiveCfg = Release|Any CPU
		{2ABE2E53-FB17-4B5B-9C09-D3BF1B038A4B}.Release|Any CPU.Build.0 = Release|Any CPU
		{A7B98994-1F1E-4B27-BE4C-93102E4460C9}.Debug|Any CPU.ActiveCfg = Debug|Any CPU
		{A7B98994-1F1E-4B27-BE4C-93102E4460C9}.Debug|Any CPU.Build.0 = Debug|Any CPU
		{A7B98994-1F1E-4B27-BE4C-93102E4460C9}.Release|Any CPU.ActiveCfg = Release|Any CPU
		{A7B98994-1F1E-4B27-BE4C-93102E4460C9}.Release|Any CPU.Build.0 = Release|Any CPU
		{C500900E-6B18-4E27-8684-949F72A98656}.Debug|Any CPU.ActiveCfg = Debug|Any CPU
		{C500900E-6B18-4E27-8684-949F72A98656}.Debug|Any CPU.Build.0 = Debug|Any CPU
		{C500900E-6B18-4E27-8684-949F72A98656}.Release|Any CPU.ActiveCfg = Release|Any CPU
		{C500900E-6B18-4E27-8684-949F72A98656}.Release|Any CPU.Build.0 = Release|Any CPU
		{C99687BD-0029-44FE-A008-CDBD1E2DCAF9}.Debug|Any CPU.ActiveCfg = Debug|Any CPU
		{C99687BD-0029-44FE-A008-CDBD1E2DCAF9}.Debug|Any CPU.Build.0 = Debug|Any CPU
		{C99687BD-0029-44FE-A008-CDBD1E2DCAF9}.Release|Any CPU.ActiveCfg = Release|Any CPU
		{C99687BD-0029-44FE-A008-CDBD1E2DCAF9}.Release|Any CPU.Build.0 = Release|Any CPU
		{8DE5FCE4-47B2-4740-BADF-C89DBC64E2BE}.Debug|Any CPU.ActiveCfg = Debug|Any CPU
		{8DE5FCE4-47B2-4740-BADF-C89DBC64E2BE}.Debug|Any CPU.Build.0 = Debug|Any CPU
		{8DE5FCE4-47B2-4740-BADF-C89DBC64E2BE}.Release|Any CPU.ActiveCfg = Release|Any CPU
		{8DE5FCE4-47B2-4740-BADF-C89DBC64E2BE}.Release|Any CPU.Build.0 = Release|Any CPU
		{B5120532-0E7A-4DC8-BFDD-11703D161546}.Debug|Any CPU.ActiveCfg = Debug|Any CPU
		{B5120532-0E7A-4DC8-BFDD-11703D161546}.Debug|Any CPU.Build.0 = Debug|Any CPU
		{B5120532-0E7A-4DC8-BFDD-11703D161546}.Release|Any CPU.ActiveCfg = Release|Any CPU
		{B5120532-0E7A-4DC8-BFDD-11703D161546}.Release|Any CPU.Build.0 = Release|Any CPU
		{B87C419B-860A-4FEC-8BA9-FF2EDC41FFED}.Debug|Any CPU.ActiveCfg = Debug|Any CPU
		{B87C419B-860A-4FEC-8BA9-FF2EDC41FFED}.Debug|Any CPU.Build.0 = Debug|Any CPU
		{B87C419B-860A-4FEC-8BA9-FF2EDC41FFED}.Release|Any CPU.ActiveCfg = Release|Any CPU
		{B87C419B-860A-4FEC-8BA9-FF2EDC41FFED}.Release|Any CPU.Build.0 = Release|Any CPU
		{A2D00D35-7C24-4077-BEB9-47B3C4410DC8}.Debug|Any CPU.ActiveCfg = Debug|Any CPU
		{A2D00D35-7C24-4077-BEB9-47B3C4410DC8}.Debug|Any CPU.Build.0 = Debug|Any CPU
		{A2D00D35-7C24-4077-BEB9-47B3C4410DC8}.Release|Any CPU.ActiveCfg = Release|Any CPU
		{A2D00D35-7C24-4077-BEB9-47B3C4410DC8}.Release|Any CPU.Build.0 = Release|Any CPU
		{3ADC542E-2F12-4F63-AB9B-8F3BBA11CE86}.Debug|Any CPU.ActiveCfg = Debug|Any CPU
		{3ADC542E-2F12-4F63-AB9B-8F3BBA11CE86}.Debug|Any CPU.Build.0 = Debug|Any CPU
		{3ADC542E-2F12-4F63-AB9B-8F3BBA11CE86}.Release|Any CPU.ActiveCfg = Release|Any CPU
		{3ADC542E-2F12-4F63-AB9B-8F3BBA11CE86}.Release|Any CPU.Build.0 = Release|Any CPU
		{1D2344D2-75BE-4B93-9F52-DF7873C7DB7D}.Debug|Any CPU.ActiveCfg = Debug|Any CPU
		{1D2344D2-75BE-4B93-9F52-DF7873C7DB7D}.Debug|Any CPU.Build.0 = Debug|Any CPU
		{1D2344D2-75BE-4B93-9F52-DF7873C7DB7D}.Release|Any CPU.ActiveCfg = Release|Any CPU
		{1D2344D2-75BE-4B93-9F52-DF7873C7DB7D}.Release|Any CPU.Build.0 = Release|Any CPU
		{6D873303-E01A-4ECA-936E-5B597EE0B2DE}.Debug|Any CPU.ActiveCfg = Debug|Any CPU
		{6D873303-E01A-4ECA-936E-5B597EE0B2DE}.Debug|Any CPU.Build.0 = Debug|Any CPU
		{6D873303-E01A-4ECA-936E-5B597EE0B2DE}.Release|Any CPU.ActiveCfg = Release|Any CPU
		{6D873303-E01A-4ECA-936E-5B597EE0B2DE}.Release|Any CPU.Build.0 = Release|Any CPU
		{060C0FEA-AA8F-4EF4-8C8A-921BE2A065A3}.Debug|Any CPU.ActiveCfg = Debug|Any CPU
		{060C0FEA-AA8F-4EF4-8C8A-921BE2A065A3}.Debug|Any CPU.Build.0 = Debug|Any CPU
		{060C0FEA-AA8F-4EF4-8C8A-921BE2A065A3}.Release|Any CPU.ActiveCfg = Release|Any CPU
		{060C0FEA-AA8F-4EF4-8C8A-921BE2A065A3}.Release|Any CPU.Build.0 = Release|Any CPU
	EndGlobalSection
	GlobalSection(SolutionProperties) = preSolution
		HideSolutionNode = FALSE
	EndGlobalSection
	GlobalSection(NestedProjects) = preSolution
		{2ABE2E53-FB17-4B5B-9C09-D3BF1B038A4B} = {F3A6A910-A304-433C-83B6-CD6F794ED522}
		{A7B98994-1F1E-4B27-BE4C-93102E4460C9} = {E5CEAB73-1F7A-4F17-89FC-550A3DB5CCD5}
		{C500900E-6B18-4E27-8684-949F72A98656} = {E5CEAB73-1F7A-4F17-89FC-550A3DB5CCD5}
		{C99687BD-0029-44FE-A008-CDBD1E2DCAF9} = {464489C1-4898-4069-A782-AB8A9ABB6F3E}
		{8DE5FCE4-47B2-4740-BADF-C89DBC64E2BE} = {464489C1-4898-4069-A782-AB8A9ABB6F3E}
		{B5120532-0E7A-4DC8-BFDD-11703D161546} = {464489C1-4898-4069-A782-AB8A9ABB6F3E}
		{B87C419B-860A-4FEC-8BA9-FF2EDC41FFED} = {7E48C769-EB88-4BDD-A76E-5F2D7061F3A4}
		{A2D00D35-7C24-4077-BEB9-47B3C4410DC8} = {7E48C769-EB88-4BDD-A76E-5F2D7061F3A4}
		{3ADC542E-2F12-4F63-AB9B-8F3BBA11CE86} = {8C7F2E91-0C9B-4D55-901B-61B87DFF3C85}
		{6D873303-E01A-4ECA-936E-5B597EE0B2DE} = {464489C1-4898-4069-A782-AB8A9ABB6F3E}
		{060C0FEA-AA8F-4EF4-8C8A-921BE2A065A3} = {8BA20080-CD84-4AED-A445-C1F83429DF61}
	EndGlobalSection
EndGlobal
